// !$*UTF8*$!
{
	archiveVersion = 1;
	classes = {
	};
	objectVersion = 46;
	objects = {

/* Begin PBXBuildFile section */
		44425CD61C80716E00D87184 /* SubmoduleTTTT.h in CopyFiles */ = {isa = PBXBuildFile; fileRef = 44425CD51C80716E00D87184 /* SubmoduleTTTT.h */; };
		44425CD81C80716E00D87184 /* SubmoduleTTTT.m in Sources */ = {isa = PBXBuildFile; fileRef = 44425CD71C80716E00D87184 /* SubmoduleTTTT.m */; };
/* End PBXBuildFile section */

/* Begin PBXCopyFilesBuildPhase section */
		44425CD01C80716E00D87184 /* CopyFiles */ = {
			isa = PBXCopyFilesBuildPhase;
			buildActionMask = 2147483647;
			dstPath = "include/$(PRODUCT_NAME)";
			dstSubfolderSpec = 16;
			files = (
				44425CD61C80716E00D87184 /* SubmoduleTTTT.h in CopyFiles */,
			);
			runOnlyForDeploymentPostprocessing = 0;
		};
/* End PBXCopyFilesBuildPhase section */

/* Begin PBXFileReference section */
		44425CD21C80716E00D87184 /* libSubmoduleTTTT.a */ = {isa = PBXFileReference; explicitFileType = archive.ar; includeInIndex = 0; path = libSubmoduleTTTT.a; sourceTree = BUILT_PRODUCTS_DIR; };
		44425CD51C80716E00D87184 /* SubmoduleTTTT.h */ = {isa = PBXFileReference; lastKnownFileType = sourcecode.c.h; path = SubmoduleTTTT.h; sourceTree = "<group>"; };
		44425CD71C80716E00D87184 /* SubmoduleTTTT.m */ = {isa = PBXFileReference; lastKnownFileType = sourcecode.c.objc; path = SubmoduleTTTT.m; sourceTree = "<group>"; };
/* End PBXFileReference section */

/* Begin PBXFrameworksBuildPhase section */
		44425CCF1C80716E00D87184 /* Frameworks */ = {
			isa = PBXFrameworksBuildPhase;
			buildActionMask = 2147483647;
			files = (
			);
			runOnlyForDeploymentPostprocessing = 0;
		};
/* End PBXFrameworksBuildPhase section */

/* Begin PBXGroup section */
		44425CC91C80716E00D87184 = {
			isa = PBXGroup;
			children = (
				44425CD41C80716E00D87184 /* SubmoduleTTTT */,
				44425CD31C80716E00D87184 /* Products */,
			);
			sourceTree = "<group>";
		};
		44425CD31C80716E00D87184 /* Products */ = {
			isa = PBXGroup;
			children = (
				44425CD21C80716E00D87184 /* libSubmoduleTTTT.a */,
			);
			name = Products;
			sourceTree = "<group>";
		};
		44425CD41C80716E00D87184 /* SubmoduleTTTT */ = {
			isa = PBXGroup;
			children = (
				44425CD51C80716E00D87184 /* SubmoduleTTTT.h */,
				44425CD71C80716E00D87184 /* SubmoduleTTTT.m */,
			);
			path = SubmoduleTTTT;
			sourceTree = "<group>";
		};
/* End PBXGroup section */

/* Begin PBXNativeTarget section */
		44425CD11C80716E00D87184 /* SubmoduleTTTT */ = {
			isa = PBXNativeTarget;
			buildConfigurationList = 44425CDB1C80716E00D87184 /* Build configuration list for PBXNativeTarget "SubmoduleTTTT" */;
			buildPhases = (
				44425CCE1C80716E00D87184 /* Sources */,
				44425CCF1C80716E00D87184 /* Frameworks */,
				44425CD01C80716E00D87184 /* CopyFiles */,
			);
			buildRules = (
			);
			dependencies = (
			);
			name = SubmoduleTTTT;
			productName = SubmoduleTTTT;
			productReference = 44425CD21C80716E00D87184 /* libSubmoduleTTTT.a */;
			productType = "com.apple.product-type.library.static";
		};
/* End PBXNativeTarget section */

/* Begin PBXProject section */
		44425CCA1C80716E00D87184 /* Project object */ = {
			isa = PBXProject;
			attributes = {
				LastUpgradeCheck = 0720;
				ORGANIZATIONNAME = zhaolei;
				TargetAttributes = {
					44425CD11C80716E00D87184 = {
						CreatedOnToolsVersion = 7.2;
					};
				};
			};
			buildConfigurationList = 44425CCD1C80716E00D87184 /* Build configuration list for PBXProject "SubmoduleTTTT" */;
			compatibilityVersion = "Xcode 3.2";
			developmentRegion = English;
			hasScannedForEncodings = 0;
			knownRegions = (
				en,
			);
			mainGroup = 44425CC91C80716E00D87184;
			productRefGroup = 44425CD31C80716E00D87184 /* Products */;
			projectDirPath = "";
			projectRoot = "";
			targets = (
				44425CD11C80716E00D87184 /* SubmoduleTTTT */,
			);
		};
/* End PBXProject section */

/* Begin PBXSourcesBuildPhase section */
		44425CCE1C80716E00D87184 /* Sources */ = {
			isa = PBXSourcesBuildPhase;
			buildActionMask = 2147483647;
			files = (
				44425CD81C80716E00D87184 /* SubmoduleTTTT.m in Sources */,
			);
			runOnlyForDeploymentPostprocessing = 0;
		};
/* End PBXSourcesBuildPhase section */

/* Begin XCBuildConfiguration section */
		44425CD91C80716E00D87184 /* Debug */ = {
			isa = XCBuildConfiguration;
			buildSettings = {
				ALWAYS_SEARCH_USER_PATHS = NO;
				CLANG_CXX_LANGUAGE_STANDARD = "gnu++0x";
				CLANG_CXX_LIBRARY = "libc++";
				CLANG_ENABLE_MODULES = YES;
				CLANG_ENABLE_OBJC_ARC = YES;
				CLANG_WARN_BOOL_CONVERSION = YES;
				CLANG_WARN_CONSTANT_CONVERSION = YES;
				CLANG_WARN_DIRECT_OBJC_ISA_USAGE = YES_ERROR;
				CLANG_WARN_EMPTY_BODY = YES;
				CLANG_WARN_ENUM_CONVERSION = YES;
				CLANG_WARN_INT_CONVERSION = YES;
				CLANG_WARN_OBJC_ROOT_CLASS = YES_ERROR;
				CLANG_WARN_UNREACHABLE_CODE = YES;
				CLANG_WARN__DUPLICATE_METHOD_MATCH = YES;
				"CODE_SIGN_IDENTITY[sdk=iphoneos*]" = "iPhone Developer";
				COPY_PHASE_STRIP = NO;
				DEBUG_INFORMATION_FORMAT = dwarf;
				ENABLE_STRICT_OBJC_MSGSEND = YES;
				ENABLE_TESTABILITY = YES;
				GCC_C_LANGUAGE_STANDARD = gnu99;
				GCC_DYNAMIC_NO_PIC = NO;
				GCC_NO_COMMON_BLOCKS = YES;
				GCC_OPTIMIZATION_LEVEL = 0;
				GCC_PREPROCESSOR_DEFINITIONS = (
					"DEBUG=1",
					"$(inherited)",
				);
				GCC_WARN_64_TO_32_BIT_CONVERSION = YES;
				GCC_WARN_ABOUT_RETURN_TYPE = YES_ERROR;
				GCC_WARN_UNDECLARED_SELECTOR = YES;
				GCC_WARN_UNINITIALIZED_AUTOS = YES_AGGRESSIVE;
				GCC_WARN_UNUSED_FUNCTION = YES;
				GCC_WARN_UNUSED_VARIABLE = YES;
				IPHONEOS_DEPLOYMENT_TARGET = 9.2;
				MTL_ENABLE_DEBUG_INFO = YES;
				ONLY_ACTIVE_ARCH = YES;
				SDKROOT = iphoneos;
			};
			name = Debug;
		};
		44425CDA1C80716E00D87184 /* Release */ = {
			isa = XCBuildConfiguration;
			buildSettings = {
				ALWAYS_SEARCH_USER_PATHS = NO;
				CLANG_CXX_LANGUAGE_STANDARD = "gnu++0x";
				CLANG_CXX_LIBRARY = "libc++";
				CLANG_ENABLE_MODULES = YES;
				CLANG_ENABLE_OBJC_ARC = YES;
				CLANG_WARN_BOOL_CONVERSION = YES;
				CLANG_WARN_CONSTANT_CONVERSION = YES;
				CLANG_WARN_DIRECT_OBJC_ISA_USAGE = YES_ERROR;
				CLANG_WARN_EMPTY_BODY = YES;
				CLANG_WARN_ENUM_CONVERSION = YES;
				CLANG_WARN_INT_CONVERSION = YES;
				CLANG_WARN_OBJC_ROOT_CLASS = YES_ERROR;
				CLANG_WARN_UNREACHABLE_CODE = YES;
				CLANG_WARN__DUPLICATE_METHOD_MATCH = YES;
				"CODE_SIGN_IDENTITY[sdk=iphoneos*]" = "iPhone Developer";
				COPY_PHASE_STRIP = NO;
				DEBUG_INFORMATION_FORMAT = "dwarf-with-dsym";
				ENABLE_NS_ASSERTIONS = NO;
				ENABLE_STRICT_OBJC_MSGSEND = YES;
				GCC_C_LANGUAGE_STANDARD = gnu99;
				GCC_NO_COMMON_BLOCKS = YES;
				GCC_WARN_64_TO_32_BIT_CONVERSION = YES;
				GCC_WARN_ABOUT_RETURN_TYPE = YES_ERROR;
				GCC_WARN_UNDECLARED_SELECTOR = YES;
				GCC_WARN_UNINITIALIZED_AUTOS = YES_AGGRESSIVE;
				GCC_WARN_UNUSED_FUNCTION = YES;
				GCC_WARN_UNUSED_VARIABLE = YES;
				IPHONEOS_DEPLOYMENT_TARGET = 9.2;
				MTL_ENABLE_DEBUG_INFO = NO;
				SDKROOT = iphoneos;
				VALIDATE_PRODUCT = YES;
			};
			name = Release;
		};
		44425CDC1C80716E00D87184 /* Debug */ = {
			isa = XCBuildConfiguration;
			buildSettings = {
				OTHER_LDFLAGS = "-ObjC";
				PRODUCT_NAME = "$(TARGET_NAME)";
				SKIP_INSTALL = YES;
			};
			name = Debug;
		};
		44425CDD1C80716E00D87184 /* Release */ = {
			isa = XCBuildConfiguration;
			buildSettings = {
				OTHER_LDFLAGS = "-ObjC";
				PRODUCT_NAME = "$(TARGET_NAME)";
				SKIP_INSTALL = YES;
			};
			name = Release;
		};
/* End XCBuildConfiguration section */

/* Begin XCConfigurationList section */
		44425CCD1C80716E00D87184 /* Build configuration list for PBXProject "SubmoduleTTTT" */ = {
			isa = XCConfigurationList;
			buildConfigurations = (
				44425CD91C80716E00D87184 /* Debug */,
				44425CDA1C80716E00D87184 /* Release */,
			);
			defaultConfigurationIsVisible = 0;
			defaultConfigurationName = Release;
		};
		44425CDB1C80716E00D87184 /* Build configuration list for PBXNativeTarget "SubmoduleTTTT" */ = {
			isa = XCConfigurationList;
			buildConfigurations = (
				44425CDC1C80716E00D87184 /* Debug */,
				44425CDD1C80716E00D87184 /* Release */,
			);
			defaultConfigurationIsVisible = 0;
		};
/* End XCConfigurationList section */
	};
	rootObject = 44425CCA1C80716E00D87184 /* Project object */;
}
